// !$*UTF8*$!
{
	archiveVersion = 1;
	classes = {
	};
	objectVersion = 48;
	objects = {

/* Begin PBXBuildFile section */
		6724505120162E6200772FD4 /* AppDelegate.m in Sources */ = {isa = PBXBuildFile; fileRef = 6724505020162E6200772FD4 /* AppDelegate.m */; };
		6724505420162E6200772FD4 /* ViewController.m in Sources */ = {isa = PBXBuildFile; fileRef = 6724505320162E6200772FD4 /* ViewController.m */; };
		6724505720162E6200772FD4 /* Main.storyboard in Resources */ = {isa = PBXBuildFile; fileRef = 6724505520162E6200772FD4 /* Main.storyboard */; };
		6724505A20162E6200772FD4 /* TestApp.xcdatamodeld in Sources */ = {isa = PBXBuildFile; fileRef = 6724505820162E6200772FD4 /* TestApp.xcdatamodeld */; };
		6724505C20162E6200772FD4 /* Assets.xcassets in Resources */ = {isa = PBXBuildFile; fileRef = 6724505B20162E6200772FD4 /* Assets.xcassets */; };
		6724505F20162E6200772FD4 /* LaunchScreen.storyboard in Resources */ = {isa = PBXBuildFile; fileRef = 6724505D20162E6200772FD4 /* LaunchScreen.storyboard */; };
		6724506220162E6200772FD4 /* main.m in Sources */ = {isa = PBXBuildFile; fileRef = 6724506120162E6200772FD4 /* main.m */; };
		6724506C20162E6200772FD4 /* TestAppTests.m in Sources */ = {isa = PBXBuildFile; fileRef = 6724506B20162E6200772FD4 /* TestAppTests.m */; };
		6724507720162E6200772FD4 /* TestAppUITests.m in Sources */ = {isa = PBXBuildFile; fileRef = 6724507620162E6200772FD4 /* TestAppUITests.m */; };
/* End PBXBuildFile section */

/* Begin PBXContainerItemProxy section */
		6724506820162E6200772FD4 /* PBXContainerItemProxy */ = {
			isa = PBXContainerItemProxy;
			containerPortal = 6724504420162E6200772FD4 /* Project object */;
			proxyType = 1;
			remoteGlobalIDString = 6724504B20162E6200772FD4;
			remoteInfo = TestApp;
		};
		6724507320162E6200772FD4 /* PBXContainerItemProxy */ = {
			isa = PBXContainerItemProxy;
			containerPortal = 6724504420162E6200772FD4 /* Project object */;
			proxyType = 1;
			remoteGlobalIDString = 6724504B20162E6200772FD4;
			remoteInfo = TestApp;
		};
/* End PBXContainerItemProxy section */

/* Begin PBXFileReference section */
		6724504C20162E6200772FD4 /* TestApp.app */ = {isa = PBXFileReference; explicitFileType = wrapper.application; includeInIndex = 0; path = TestApp.app; sourceTree = BUILT_PRODUCTS_DIR; };
		6724504F20162E6200772FD4 /* AppDelegate.h */ = {isa = PBXFileReference; lastKnownFileType = sourcecode.c.h; path = AppDelegate.h; sourceTree = "<group>"; };
		6724505020162E6200772FD4 /* AppDelegate.m */ = {isa = PBXFileReference; lastKnownFileType = sourcecode.c.objc; path = AppDelegate.m; sourceTree = "<group>"; };
		6724505220162E6200772FD4 /* ViewController.h */ = {isa = PBXFileReference; lastKnownFileType = sourcecode.c.h; path = ViewController.h; sourceTree = "<group>"; };
		6724505320162E6200772FD4 /* ViewController.m */ = {isa = PBXFileReference; lastKnownFileType = sourcecode.c.objc; path = ViewController.m; sourceTree = "<group>"; };
		6724505620162E6200772FD4 /* Base */ = {isa = PBXFileReference; lastKnownFileType = file.storyboard; name = Base; path = Base.lproj/Main.storyboard; sourceTree = "<group>"; };
		6724505920162E6200772FD4 /* TestApp.xcdatamodel */ = {isa = PBXFileReference; lastKnownFileType = wrapper.xcdatamodel; path = TestApp.xcdatamodel; sourceTree = "<group>"; };
		6724505B20162E6200772FD4 /* Assets.xcassets */ = {isa = PBXFileReference; lastKnownFileType = folder.assetcatalog; path = Assets.xcassets; sourceTree = "<group>"; };
		6724505E20162E6200772FD4 /* Base */ = {isa = PBXFileReference; lastKnownFileType = file.storyboard; name = Base; path = Base.lproj/LaunchScreen.storyboard; sourceTree = "<group>"; };
		6724506020162E6200772FD4 /* Info.plist */ = {isa = PBXFileReference; lastKnownFileType = text.plist.xml; path = Info.plist; sourceTree = "<group>"; };
		6724506120162E6200772FD4 /* main.m */ = {isa = PBXFileReference; lastKnownFileType = sourcecode.c.objc; path = main.m; sourceTree = "<group>"; };
		6724506720162E6200772FD4 /* TestAppTests.xctest */ = {isa = PBXFileReference; explicitFileType = wrapper.cfbundle; includeInIndex = 0; path = TestAppTests.xctest; sourceTree = BUILT_PRODUCTS_DIR; };
		6724506B20162E6200772FD4 /* TestAppTests.m */ = {isa = PBXFileReference; lastKnownFileType = sourcecode.c.objc; path = TestAppTests.m; sourceTree = "<group>"; };
		6724506D20162E6200772FD4 /* Info.plist */ = {isa = PBXFileReference; lastKnownFileType = text.plist.xml; path = Info.plist; sourceTree = "<group>"; };
		6724507220162E6200772FD4 /* TestAppUITests.xctest */ = {isa = PBXFileReference; explicitFileType = wrapper.cfbundle; includeInIndex = 0; path = TestAppUITests.xctest; sourceTree = BUILT_PRODUCTS_DIR; };
		6724507620162E6200772FD4 /* TestAppUITests.m */ = {isa = PBXFileReference; lastKnownFileType = sourcecode.c.objc; path = TestAppUITests.m; sourceTree = "<group>"; };
		6724507820162E6200772FD4 /* Info.plist */ = {isa = PBXFileReference; lastKnownFileType = text.plist.xml; path = Info.plist; sourceTree = "<group>"; };
/* End PBXFileReference section */

/* Begin PBXFrameworksBuildPhase section */
		6724504920162E6200772FD4 /* Frameworks */ = {
			isa = PBXFrameworksBuildPhase;
			buildActionMask = 2147483647;
			files = (
			);
			runOnlyForDeploymentPostprocessing = 0;
		};
		6724506420162E6200772FD4 /* Frameworks */ = {
			isa = PBXFrameworksBuildPhase;
			buildActionMask = 2147483647;
			files = (
			);
			runOnlyForDeploymentPostprocessing = 0;
		};
		6724506F20162E6200772FD4 /* Frameworks */ = {
			isa = PBXFrameworksBuildPhase;
			buildActionMask = 2147483647;
			files = (
			);
			runOnlyForDeploymentPostprocessing = 0;
		};
/* End PBXFrameworksBuildPhase section */

/* Begin PBXGroup section */
		6724504320162E6200772FD4 = {
			isa = PBXGroup;
			children = (
				6724504E20162E6200772FD4 /* TestApp */,
				6724506A20162E6200772FD4 /* TestAppTests */,
				6724507520162E6200772FD4 /* TestAppUITests */,
				6724504D20162E6200772FD4 /* Products */,
			);
			sourceTree = "<group>";
		};
		6724504D20162E6200772FD4 /* Products */ = {
			isa = PBXGroup;
			children = (
				6724504C20162E6200772FD4 /* TestApp.app */,
				6724506720162E6200772FD4 /* TestAppTests.xctest */,
				6724507220162E6200772FD4 /* TestAppUITests.xctest */,
			);
			name = Products;
			sourceTree = "<group>";
		};
		6724504E20162E6200772FD4 /* TestApp */ = {
			isa = PBXGroup;
			children = (
				6724504F20162E6200772FD4 /* AppDelegate.h */,
				6724505020162E6200772FD4 /* AppDelegate.m */,
				6724505220162E6200772FD4 /* ViewController.h */,
				6724505320162E6200772FD4 /* ViewController.m */,
				6724505520162E6200772FD4 /* Main.storyboard */,
				6724505B20162E6200772FD4 /* Assets.xcassets */,
				6724505D20162E6200772FD4 /* LaunchScreen.storyboard */,
				6724506020162E6200772FD4 /* Info.plist */,
				6724506120162E6200772FD4 /* main.m */,
				6724505820162E6200772FD4 /* TestApp.xcdatamodeld */,
			);
			path = TestApp;
			sourceTree = "<group>";
		};
		6724506A20162E6200772FD4 /* TestAppTests */ = {
			isa = PBXGroup;
			children = (
				6724506B20162E6200772FD4 /* TestAppTests.m */,
				6724506D20162E6200772FD4 /* Info.plist */,
			);
			path = TestAppTests;
			sourceTree = "<group>";
		};
		6724507520162E6200772FD4 /* TestAppUITests */ = {
			isa = PBXGroup;
			children = (
				6724507620162E6200772FD4 /* TestAppUITests.m */,
				6724507820162E6200772FD4 /* Info.plist */,
			);
			path = TestAppUITests;
			sourceTree = "<group>";
		};
/* End PBXGroup section */

/* Begin PBXNativeTarget section */
		6724504B20162E6200772FD4 /* TestApp */ = {
			isa = PBXNativeTarget;
			buildConfigurationList = 6724507B20162E6200772FD4 /* Build configuration list for PBXNativeTarget "TestApp" */;
			buildPhases = (
				6724504820162E6200772FD4 /* Sources */,
				6724504920162E6200772FD4 /* Frameworks */,
				6724504A20162E6200772FD4 /* Resources */,
			);
			buildRules = (
			);
			dependencies = (
			);
			name = TestApp;
			productName = TestApp;
			productReference = 6724504C20162E6200772FD4 /* TestApp.app */;
			productType = "com.apple.product-type.application";
		};
		6724506620162E6200772FD4 /* TestAppTests */ = {
			isa = PBXNativeTarget;
			buildConfigurationList = 6724507E20162E6200772FD4 /* Build configuration list for PBXNativeTarget "TestAppTests" */;
			buildPhases = (
				6724506320162E6200772FD4 /* Sources */,
				6724506420162E6200772FD4 /* Frameworks */,
				6724506520162E6200772FD4 /* Resources */,
			);
			buildRules = (
			);
			dependencies = (
				6724506920162E6200772FD4 /* PBXTargetDependency */,
			);
			name = TestAppTests;
			productName = TestAppTests;
			productReference = 6724506720162E6200772FD4 /* TestAppTests.xctest */;
			productType = "com.apple.product-type.bundle.unit-test";
		};
		6724507120162E6200772FD4 /* TestAppUITests */ = {
			isa = PBXNativeTarget;
			buildConfigurationList = 6724508120162E6200772FD4 /* Build configuration list for PBXNativeTarget "TestAppUITests" */;
			buildPhases = (
				6724506E20162E6200772FD4 /* Sources */,
				6724506F20162E6200772FD4 /* Frameworks */,
				6724507020162E6200772FD4 /* Resources */,
			);
			buildRules = (
			);
			dependencies = (
				6724507420162E6200772FD4 /* PBXTargetDependency */,
			);
			name = TestAppUITests;
			productName = TestAppUITests;
			productReference = 6724507220162E6200772FD4 /* TestAppUITests.xctest */;
			productType = "com.apple.product-type.bundle.ui-testing";
		};
/* End PBXNativeTarget section */

/* Begin PBXProject section */
		6724504420162E6200772FD4 /* Project object */ = {
			isa = PBXProject;
			attributes = {
				LastUpgradeCheck = 0920;
				ORGANIZATIONNAME = DG;
				TargetAttributes = {
					6724504B20162E6200772FD4 = {
						CreatedOnToolsVersion = 9.2;
						ProvisioningStyle = Automatic;
					};
					6724506620162E6200772FD4 = {
						CreatedOnToolsVersion = 9.2;
						ProvisioningStyle = Automatic;
						TestTargetID = 6724504B20162E6200772FD4;
					};
					6724507120162E6200772FD4 = {
						CreatedOnToolsVersion = 9.2;
						ProvisioningStyle = Automatic;
						TestTargetID = 6724504B20162E6200772FD4;
					};
				};
			};
			buildConfigurationList = 6724504720162E6200772FD4 /* Build configuration list for PBXProject "TestApp" */;
			compatibilityVersion = "Xcode 8.0";
			developmentRegion = en;
			hasScannedForEncodings = 0;
			knownRegions = (
				en,
				Base,
			);
			mainGroup = 6724504320162E6200772FD4;
			productRefGroup = 6724504D20162E6200772FD4 /* Products */;
			projectDirPath = "";
			projectRoot = "";
			targets = (
				6724504B20162E6200772FD4 /* TestApp */,
				6724506620162E6200772FD4 /* TestAppTests */,
				6724507120162E6200772FD4 /* TestAppUITests */,
			);
		};
/* End PBXProject section */

/* Begin PBXResourcesBuildPhase section */
		6724504A20162E6200772FD4 /* Resources */ = {
			isa = PBXResourcesBuildPhase;
			buildActionMask = 2147483647;
			files = (
				6724505F20162E6200772FD4 /* LaunchScreen.storyboard in Resources */,
				6724505C20162E6200772FD4 /* Assets.xcassets in Resources */,
				6724505720162E6200772FD4 /* Main.storyboard in Resources */,
			);
			runOnlyForDeploymentPostprocessing = 0;
		};
		6724506520162E6200772FD4 /* Resources */ = {
			isa = PBXResourcesBuildPhase;
			buildActionMask = 2147483647;
			files = (
			);
			runOnlyForDeploymentPostprocessing = 0;
		};
		6724507020162E6200772FD4 /* Resources */ = {
			isa = PBXResourcesBuildPhase;
			buildActionMask = 2147483647;
			files = (
			);
			runOnlyForDeploymentPostprocessing = 0;
		};
/* End PBXResourcesBuildPhase section */

/* Begin PBXSourcesBuildPhase section */
		6724504820162E6200772FD4 /* Sources */ = {
			isa = PBXSourcesBuildPhase;
			buildActionMask = 2147483647;
			files = (
				6724505420162E6200772FD4 /* ViewController.m in Sources */,
				6724505A20162E6200772FD4 /* TestApp.xcdatamodeld in Sources */,
				6724506220162E6200772FD4 /* main.m in Sources */,
				6724505120162E6200772FD4 /* AppDelegate.m in Sources */,
			);
			runOnlyForDeploymentPostprocessing = 0;
		};
		6724506320162E6200772FD4 /* Sources */ = {
			isa = PBXSourcesBuildPhase;
			buildActionMask = 2147483647;
			files = (
				6724506C20162E6200772FD4 /* TestAppTests.m in Sources */,
			);
			runOnlyForDeploymentPostprocessing = 0;
		};
		6724506E20162E6200772FD4 /* Sources */ = {
			isa = PBXSourcesBuildPhase;
			buildActionMask = 2147483647;
			files = (
				6724507720162E6200772FD4 /* TestAppUITests.m in Sources */,
			);
			runOnlyForDeploymentPostprocessing = 0;
		};
/* End PBXSourcesBuildPhase section */

/* Begin PBXTargetDependency section */
		6724506920162E6200772FD4 /* PBXTargetDependency */ = {
			isa = PBXTargetDependency;
			target = 6724504B20162E6200772FD4 /* TestApp */;
			targetProxy = 6724506820162E6200772FD4 /* PBXContainerItemProxy */;
		};
		6724507420162E6200772FD4 /* PBXTargetDependency */ = {
			isa = PBXTargetDependency;
			target = 6724504B20162E6200772FD4 /* TestApp */;
			targetProxy = 6724507320162E6200772FD4 /* PBXContainerItemProxy */;
		};
/* End PBXTargetDependency section */

/* Begin PBXVariantGroup section */
		6724505520162E6200772FD4 /* Main.storyboard */ = {
			isa = PBXVariantGroup;
			children = (
				6724505620162E6200772FD4 /* Base */,
			);
			name = Main.storyboard;
			sourceTree = "<group>";
		};
		6724505D20162E6200772FD4 /* LaunchScreen.storyboard */ = {
			isa = PBXVariantGroup;
			children = (
				6724505E20162E6200772FD4 /* Base */,
			);
			name = LaunchScreen.storyboard;
			sourceTree = "<group>";
		};
/* End PBXVariantGroup section */

/* Begin XCBuildConfiguration section */
		6724507920162E6200772FD4 /* Debug */ = {
			isa = XCBuildConfiguration;
			buildSettings = {
				ALWAYS_SEARCH_USER_PATHS = NO;
				CLANG_ANALYZER_NONNULL = YES;
				CLANG_ANALYZER_NUMBER_OBJECT_CONVERSION = YES_AGGRESSIVE;
				CLANG_CXX_LANGUAGE_STANDARD = "gnu++14";
				CLANG_CXX_LIBRARY = "libc++";
				CLANG_ENABLE_MODULES = YES;
				CLANG_ENABLE_OBJC_ARC = YES;
				CLANG_WARN_BLOCK_CAPTURE_AUTORELEASING = YES;
				CLANG_WARN_BOOL_CONVERSION = YES;
				CLANG_WARN_COMMA = YES;
				CLANG_WARN_CONSTANT_CONVERSION = YES;
				CLANG_WARN_DIRECT_OBJC_ISA_USAGE = YES_ERROR;
				CLANG_WARN_DOCUMENTATION_COMMENTS = YES;
				CLANG_WARN_EMPTY_BODY = YES;
				CLANG_WARN_ENUM_CONVERSION = YES;
				CLANG_WARN_INFINITE_RECURSION = YES;
				CLANG_WARN_INT_CONVERSION = YES;
				CLANG_WARN_NON_LITERAL_NULL_CONVERSION = YES;
				CLANG_WARN_OBJC_LITERAL_CONVERSION = YES;
				CLANG_WARN_OBJC_ROOT_CLASS = YES_ERROR;
				CLANG_WARN_RANGE_LOOP_ANALYSIS = YES;
				CLANG_WARN_STRICT_PROTOTYPES = YES;
				CLANG_WARN_SUSPICIOUS_MOVE = YES;
				CLANG_WARN_UNGUARDED_AVAILABILITY = YES_AGGRESSIVE;
				CLANG_WARN_UNREACHABLE_CODE = YES;
				CLANG_WARN__DUPLICATE_METHOD_MATCH = YES;
				CODE_SIGN_IDENTITY = "iPhone Developer";
				COPY_PHASE_STRIP = NO;
				DEBUG_INFORMATION_FORMAT = dwarf;
				ENABLE_STRICT_OBJC_MSGSEND = YES;
				ENABLE_TESTABILITY = YES;
				GCC_C_LANGUAGE_STANDARD = gnu11;
				GCC_DYNAMIC_NO_PIC = NO;
				GCC_NO_COMMON_BLOCKS = YES;
				GCC_OPTIMIZATION_LEVEL = 0;
				GCC_PREPROCESSOR_DEFINITIONS = (
					"DEBUG=1",
					"$(inherited)",
				);
				GCC_WARN_64_TO_32_BIT_CONVERSION = YES;
				GCC_WARN_ABOUT_RETURN_TYPE = YES_ERROR;
				GCC_WARN_UNDECLARED_SELECTOR = YES;
				GCC_WARN_UNINITIALIZED_AUTOS = YES_AGGRESSIVE;
				GCC_WARN_UNUSED_FUNCTION = YES;
				GCC_WARN_UNUSED_VARIABLE = YES;
				IPHONEOS_DEPLOYMENT_TARGET = 11.2;
				MTL_ENABLE_DEBUG_INFO = YES;
				ONLY_ACTIVE_ARCH = YES;
				SDKROOT = iphoneos;
			};
			name = Debug;
		};
		6724507A20162E6200772FD4 /* Release */ = {
			isa = XCBuildConfiguration;
			buildSettings = {
				ALWAYS_SEARCH_USER_PATHS = NO;
				CLANG_ANALYZER_NONNULL = YES;
				CLANG_ANALYZER_NUMBER_OBJECT_CONVERSION = YES_AGGRESSIVE;
				CLANG_CXX_LANGUAGE_STANDARD = "gnu++14";
				CLANG_CXX_LIBRARY = "libc++";
				CLANG_ENABLE_MODULES = YES;
				CLANG_ENABLE_OBJC_ARC = YES;
				CLANG_WARN_BLOCK_CAPTURE_AUTORELEASING = YES;
				CLANG_WARN_BOOL_CONVERSION = YES;
				CLANG_WARN_COMMA = YES;
				CLANG_WARN_CONSTANT_CONVERSION = YES;
				CLANG_WARN_DIRECT_OBJC_ISA_USAGE = YES_ERROR;
				CLANG_WARN_DOCUMENTATION_COMMENTS = YES;
				CLANG_WARN_EMPTY_BODY = YES;
				CLANG_WARN_ENUM_CONVERSION = YES;
				CLANG_WARN_INFINITE_RECURSION = YES;
				CLANG_WARN_INT_CONVERSION = YES;
				CLANG_WARN_NON_LITERAL_NULL_CONVERSION = YES;
				CLANG_WARN_OBJC_LITERAL_CONVERSION = YES;
				CLANG_WARN_OBJC_ROOT_CLASS = YES_ERROR;
				CLANG_WARN_RANGE_LOOP_ANALYSIS = YES;
				CLANG_WARN_STRICT_PROTOTYPES = YES;
				CLANG_WARN_SUSPICIOUS_MOVE = YES;
				CLANG_WARN_UNGUARDED_AVAILABILITY = YES_AGGRESSIVE;
				CLANG_WARN_UNREACHABLE_CODE = YES;
				CLANG_WARN__DUPLICATE_METHOD_MATCH = YES;
				CODE_SIGN_IDENTITY = "iPhone Developer";
				COPY_PHASE_STRIP = NO;
				DEBUG_INFORMATION_FORMAT = "dwarf-with-dsym";
				ENABLE_NS_ASSERTIONS = NO;
				ENABLE_STRICT_OBJC_MSGSEND = YES;
				GCC_C_LANGUAGE_STANDARD = gnu11;
				GCC_NO_COMMON_BLOCKS = YES;
				GCC_WARN_64_TO_32_BIT_CONVERSION = YES;
				GCC_WARN_ABOUT_RETURN_TYPE = YES_ERROR;
				GCC_WARN_UNDECLARED_SELECTOR = YES;
				GCC_WARN_UNINITIALIZED_AUTOS = YES_AGGRESSIVE;
				GCC_WARN_UNUSED_FUNCTION = YES;
				GCC_WARN_UNUSED_VARIABLE = YES;
				IPHONEOS_DEPLOYMENT_TARGET = 11.2;
				MTL_ENABLE_DEBUG_INFO = NO;
				SDKROOT = iphoneos;
				VALIDATE_PRODUCT = YES;
			};
			name = Release;
		};
		6724507C20162E6200772FD4 /* Debug */ = {
			isa = XCBuildConfiguration;
			buildSettings = {
				ASSETCATALOG_COMPILER_APPICON_NAME = AppIcon;
				CODE_SIGN_STYLE = Automatic;
				DEVELOPMENT_TEAM = JYYHZ89YXN;
				INFOPLIST_FILE = TestApp/Info.plist;
				LD_RUNPATH_SEARCH_PATHS = "$(inherited) @executable_path/Frameworks";
				PRODUCT_BUNDLE_IDENTIFIER = es.danielgaston.testapp.TestApp;
				PRODUCT_NAME = "$(TARGET_NAME)";
				TARGETED_DEVICE_FAMILY = "1,2";
			};
			name = Debug;
		};
		6724507D20162E6200772FD4 /* Release */ = {
			isa = XCBuildConfiguration;
			buildSettings = {
				ASSETCATALOG_COMPILER_APPICON_NAME = AppIcon;
				CODE_SIGN_STYLE = Automatic;
				DEVELOPMENT_TEAM = JYYHZ89YXN;
				INFOPLIST_FILE = TestApp/Info.plist;
				LD_RUNPATH_SEARCH_PATHS = "$(inherited) @executable_path/Frameworks";
				PRODUCT_BUNDLE_IDENTIFIER = es.danielgaston.testapp.TestApp;
				PRODUCT_NAME = "$(TARGET_NAME)";
				TARGETED_DEVICE_FAMILY = "1,2";
			};
			name = Release;
		};
		6724507F20162E6200772FD4 /* Debug */ = {
			isa = XCBuildConfiguration;
			buildSettings = {
				BUNDLE_LOADER = "$(TEST_HOST)";
				CODE_SIGN_STYLE = Automatic;
				DEVELOPMENT_TEAM = JYYHZ89YXN;
				INFOPLIST_FILE = TestAppTests/Info.plist;
				LD_RUNPATH_SEARCH_PATHS = "$(inherited) @executable_path/Frameworks @loader_path/Frameworks";
				PRODUCT_BUNDLE_IDENTIFIER = es.danielgaston.testapp.TestAppTests;
				PRODUCT_NAME = "$(TARGET_NAME)";
				TARGETED_DEVICE_FAMILY = "1,2";
				TEST_HOST = "$(BUILT_PRODUCTS_DIR)/TestApp.app/TestApp";
			};
			name = Debug;
		};
		6724508020162E6200772FD4 /* Release */ = {
			isa = XCBuildConfiguration;
			buildSettings = {
				BUNDLE_LOADER = "$(TEST_HOST)";
				CODE_SIGN_STYLE = Automatic;
				DEVELOPMENT_TEAM = JYYHZ89YXN;
				INFOPLIST_FILE = TestAppTests/Info.plist;
				LD_RUNPATH_SEARCH_PATHS = "$(inherited) @executable_path/Frameworks @loader_path/Frameworks";
				PRODUCT_BUNDLE_IDENTIFIER = es.danielgaston.testapp.TestAppTests;
				PRODUCT_NAME = "$(TARGET_NAME)";
				TARGETED_DEVICE_FAMILY = "1,2";
				TEST_HOST = "$(BUILT_PRODUCTS_DIR)/TestApp.app/TestApp";
			};
			name = Release;
		};
		6724508220162E6200772FD4 /* Debug */ = {
			isa = XCBuildConfiguration;
			buildSettings = {
				CODE_SIGN_STYLE = Automatic;
				DEVELOPMENT_TEAM = JYYHZ89YXN;
				INFOPLIST_FILE = TestAppUITests/Info.plist;
				LD_RUNPATH_SEARCH_PATHS = "$(inherited) @executable_path/Frameworks @loader_path/Frameworks";
				PRODUCT_BUNDLE_IDENTIFIER = es.danielgaston.testapp.TestAppUITests;
				PRODUCT_NAME = "$(TARGET_NAME)";
				TARGETED_DEVICE_FAMILY = "1,2";
				TEST_TARGET_NAME = TestApp;
			};
			name = Debug;
		};
		6724508320162E6200772FD4 /* Release */ = {
			isa = XCBuildConfiguration;
			buildSettings = {
				CODE_SIGN_STYLE = Automatic;
				DEVELOPMENT_TEAM = JYYHZ89YXN;
				INFOPLIST_FILE = TestAppUITests/Info.plist;
				LD_RUNPATH_SEARCH_PATHS = "$(inherited) @executable_path/Frameworks @loader_path/Frameworks";
				PRODUCT_BUNDLE_IDENTIFIER = es.danielgaston.testapp.TestAppUITests;
				PRODUCT_NAME = "$(TARGET_NAME)";
				TARGETED_DEVICE_FAMILY = "1,2";
				TEST_TARGET_NAME = TestApp;
			};
			name = Release;
		};
/* End XCBuildConfiguration section */

/* Begin XCConfigurationList section */
		6724504720162E6200772FD4 /* Build configuration list for PBXProject "TestApp" */ = {
			isa = XCConfigurationList;
			buildConfigurations = (
				6724507920162E6200772FD4 /* Debug */,
				6724507A20162E6200772FD4 /* Release */,
			);
			defaultConfigurationIsVisible = 0;
			defaultConfigurationName = Release;
		};
		6724507B20162E6200772FD4 /* Build configuration list for PBXNativeTarget "TestApp" */ = {
			isa = XCConfigurationList;
			buildConfigurations = (
				6724507C20162E6200772FD4 /* Debug */,
				6724507D20162E6200772FD4 /* Release */,
			);
			defaultConfigurationIsVisible = 0;
			defaultConfigurationName = Release;
		};
		6724507E20162E6200772FD4 /* Build configuration list for PBXNativeTarget "TestAppTests" */ = {
			isa = XCConfigurationList;
			buildConfigurations = (
				6724507F20162E6200772FD4 /* Debug */,
				6724508020162E6200772FD4 /* Release */,
			);
			defaultConfigurationIsVisible = 0;
			defaultConfigurationName = Release;
		};
		6724508120162E6200772FD4 /* Build configuration list for PBXNativeTarget "TestAppUITests" */ = {
			isa = XCConfigurationList;
			buildConfigurations = (
				6724508220162E6200772FD4 /* Debug */,
				6724508320162E6200772FD4 /* Release */,
			);
			defaultConfigurationIsVisible = 0;
			defaultConfigurationName = Release;
		};
/* End XCConfigurationList section */

/* Begin XCVersionGroup section */
		6724505820162E6200772FD4 /* TestApp.xcdatamodeld */ = {
			isa = XCVersionGroup;
			children = (
				6724505920162E6200772FD4 /* TestApp.xcdatamodel */,
			);
			currentVersion = 6724505920162E6200772FD4 /* TestApp.xcdatamodel */;
			path = TestApp.xcdatamodeld;
			sourceTree = "<group>";
			versionGroupType = wrapper.xcdatamodel;
		};
/* End XCVersionGroup section */
	};
	rootObject = 6724504420162E6200772FD4 /* Project object */;
}
